
Microsoft Visual Studio Solution File, Format Version 12.00
# Visual Studio Version 17
VisualStudioVersion = 17.14.36518.9 d17.14
MinimumVisualStudioVersion = 10.0.40219.1
Project("{FAE04EC0-301F-11D3-BF4B-00C04F79EFBC}") = "condicionais", "condicionais\condicionais.csproj", "{47223D2C-777C-44F9-A688-7AD38277CFD6}"
EndProject
Global
	GlobalSection(SolutionConfigurationPlatforms) = preSolution
		Debug|Any CPU = Debug|Any CPU
		Release|Any CPU = Release|Any CPU
	EndGlobalSection
	GlobalSection(ProjectConfigurationPlatforms) = postSolution
		{47223D2C-777C-44F9-A688-7AD38277CFD6}.Debug|Any CPU.ActiveCfg = Debug|Any CPU
		{47223D2C-777C-44F9-A688-7AD38277CFD6}.Debug|Any CPU.Build.0 = Debug|Any CPU
		{47223D2C-777C-44F9-A688-7AD38277CFD6}.Release|Any CPU.ActiveCfg = Release|Any CPU
		{47223D2C-777C-44F9-A688-7AD38277CFD6}.Release|Any CPU.Build.0 = Release|Any CPU
	EndGlobalSection
	GlobalSection(SolutionProperties) = preSolution
		HideSolutionNode = FALSE
	EndGlobalSection
	GlobalSection(ExtensibilityGlobals) = postSolution
		SolutionGuid = {928C6C50-9A4E-4E0F-8DB3-7EC88A073C19}
	EndGlobalSection
EndGlobal
