
Microsoft Visual Studio Solution File, Format Version 12.00
# Visual Studio Version 17
VisualStudioVersion = 17.14.36518.9 d17.14
MinimumVisualStudioVersion = 10.0.40219.1
Project("{FAE04EC0-301F-11D3-BF4B-00C04F79EFBC}") = "variaveisecostantes", "variaveisecostantes\variaveisecostantes.csproj", "{75B8A05E-04CA-45B0-8306-B90F0A572EB4}"
EndProject
Global
	GlobalSection(SolutionConfigurationPlatforms) = preSolution
		Debug|Any CPU = Debug|Any CPU
		Release|Any CPU = Release|Any CPU
	EndGlobalSection
	GlobalSection(ProjectConfigurationPlatforms) = postSolution
		{75B8A05E-04CA-45B0-8306-B90F0A572EB4}.Debug|Any CPU.ActiveCfg = Debug|Any CPU
		{75B8A05E-04CA-45B0-8306-B90F0A572EB4}.Debug|Any CPU.Build.0 = Debug|Any CPU
		{75B8A05E-04CA-45B0-8306-B90F0A572EB4}.Release|Any CPU.ActiveCfg = Release|Any CPU
		{75B8A05E-04CA-45B0-8306-B90F0A572EB4}.Release|Any CPU.Build.0 = Release|Any CPU
	EndGlobalSection
	GlobalSection(SolutionProperties) = preSolution
		HideSolutionNode = FALSE
	EndGlobalSection
	GlobalSection(ExtensibilityGlobals) = postSolution
		SolutionGuid = {FBDC12F9-F918-4111-B780-A63EABB07FB0}
	EndGlobalSection
EndGlobal
