
Microsoft Visual Studio Solution File, Format Version 12.00
# Visual Studio Version 17
VisualStudioVersion = 17.14.36518.9 d17.14
MinimumVisualStudioVersion = 10.0.40219.1
Project("{FAE04EC0-301F-11D3-BF4B-00C04F79EFBC}") = "maratonaexercicio01", "maratonaexercicio01\maratonaexercicio01.csproj", "{BCA1B4A9-73D1-48B7-8D45-624470256A37}"
EndProject
Global
	GlobalSection(SolutionConfigurationPlatforms) = preSolution
		Debug|Any CPU = Debug|Any CPU
		Release|Any CPU = Release|Any CPU
	EndGlobalSection
	GlobalSection(ProjectConfigurationPlatforms) = postSolution
		{BCA1B4A9-73D1-48B7-8D45-624470256A37}.Debug|Any CPU.ActiveCfg = Debug|Any CPU
		{BCA1B4A9-73D1-48B7-8D45-624470256A37}.Debug|Any CPU.Build.0 = Debug|Any CPU
		{BCA1B4A9-73D1-48B7-8D45-624470256A37}.Release|Any CPU.ActiveCfg = Release|Any CPU
		{BCA1B4A9-73D1-48B7-8D45-624470256A37}.Release|Any CPU.Build.0 = Release|Any CPU
	EndGlobalSection
	GlobalSection(SolutionProperties) = preSolution
		HideSolutionNode = FALSE
	EndGlobalSection
	GlobalSection(ExtensibilityGlobals) = postSolution
		SolutionGuid = {CF1310BB-1D54-4732-B73E-AEDC2CC1F110}
	EndGlobalSection
EndGlobal
